# Generated by pub
# See https://dart.dev/tools/pub/glossary#lockfile
packages:
  animations:
    dependency: "direct main"
    description:
      name: animations
      sha256: d3d6dcfb218225bbe68e87ccf6378bbb2e32a94900722c5f81611dad089911cb
      url: "https://pub.flutter-io.cn"
    source: hosted
    version: "2.0.11"
  args:
    dependency: transitive
    description:
      name: args
      sha256: "7cf60b9f0cc88203c5a190b4cd62a99feea42759a7fa695010eb5de1c0b2252a"
      url: "https://pub.flutter-io.cn"
    source: hosted
    version: "2.5.0"
  async:
    dependency: transitive
    description:
      name: async
      sha256: "947bfcf187f74dbc5e146c9eb9c0f10c9f8b30743e341481c1e2ed3ecc18c20c"
      url: "https://pub.flutter-io.cn"
    source: hosted
    version: "2.11.0"
  barcode_scan2:
    dependency: "direct main"
    description:
      name: barcode_scan2
      sha256: "847ff88888213a3b2866d98839ee6d85e4da8002df83e7971d355d24d5f31c4c"
      url: "https://pub.flutter-io.cn"
    source: hosted
    version: "4.3.0"
  boolean_selector:
    dependency: transitive
    description:
      name: boolean_selector
      sha256: "6cfb5af12253eaf2b368f07bacc5a80d1301a071c73360d746b7f2e32d762c66"
      url: "https://pub.flutter-io.cn"
    source: hosted
    version: "2.1.1"
  characters:
    dependency: transitive
    description:
      name: characters
      sha256: "04a925763edad70e8443c99234dc3328f442e811f1d8fd1a72f1c8ad0f69a605"
      url: "https://pub.flutter-io.cn"
    source: hosted
    version: "1.3.0"
  clock:
    dependency: transitive
    description:
      name: clock
      sha256: cb6d7f03e1de671e34607e909a7213e31d7752be4fb66a86d29fe1eb14bfb5cf
      url: "https://pub.flutter-io.cn"
    source: hosted
    version: "1.1.1"
  collection:
    dependency: transitive
    description:
      name: collection
      sha256: ee67cb0715911d28db6bf4af1026078bd6f0128b07a5f66fb2ed94ec6783c09a
      url: "https://pub.flutter-io.cn"
    source: hosted
    version: "1.18.0"
  crypto:
    dependency: transitive
    description:
      name: crypto
      sha256: ff625774173754681d66daaf4a448684fb04b78f902da9cb3d308c19cc5e8bab
      url: "https://pub.flutter-io.cn"
    source: hosted
    version: "3.0.3"
  csslib:
    dependency: transitive
    description:
      name: csslib
      sha256: "706b5707578e0c1b4b7550f64078f0a0f19dec3f50a178ffae7006b0a9ca58fb"
      url: "https://pub.flutter-io.cn"
    source: hosted
    version: "1.0.0"
  cupertino_icons:
    dependency: "direct main"
    description:
      name: cupertino_icons
      sha256: d57953e10f9f8327ce64a508a355f0b1ec902193f66288e8cb5070e7c47eeb2d
      url: "https://pub.flutter-io.cn"
    source: hosted
    version: "1.0.6"
  cupertino_onboarding:
    dependency: "direct main"
    description:
      name: cupertino_onboarding
      sha256: "948327610ba9204cde7d3f9a4f7fa2c5571272702a8c8c4d9ae0a2ec022393f1"
      url: "https://pub.flutter-io.cn"
    source: hosted
    version: "1.2.0"
  diffutil_dart:
    dependency: transitive
    description:
      name: diffutil_dart
      sha256: e0297e4600b9797edff228ed60f4169a778ea357691ec98408fa3b72994c7d06
      url: "https://pub.flutter-io.cn"
    source: hosted
    version: "3.0.0"
  dots_indicator:
    dependency: transitive
    description:
      name: dots_indicator
      sha256: f1599baa429936ba87f06ae5f2adc920a367b16d08f74db58c3d0f6e93bcdb5c
      url: "https://pub.flutter-io.cn"
    source: hosted
    version: "2.1.2"
  equatable:
    dependency: transitive
    description:
      name: equatable
      sha256: c2b87cb7756efdf69892005af546c56c0b5037f54d2a88269b4f347a505e3ca2
      url: "https://pub.flutter-io.cn"
    source: hosted
    version: "2.0.5"
  fake_async:
    dependency: transitive
    description:
      name: fake_async
      sha256: "511392330127add0b769b75a987850d136345d9227c6b94c96a04cf4a391bf78"
      url: "https://pub.flutter-io.cn"
    source: hosted
    version: "1.3.1"
  fixnum:
    dependency: transitive
    description:
      name: fixnum
      sha256: "25517a4deb0c03aa0f32fd12db525856438902d9c16536311e76cdc57b31d7d1"
      url: "https://pub.flutter-io.cn"
    source: hosted
    version: "1.1.0"
  flex_color_scheme:
    dependency: "direct main"
    description:
      name: flex_color_scheme
      sha256: "32914024a4f404d90ff449f58d279191675b28e7c08824046baf06826e99d984"
      url: "https://pub.flutter-io.cn"
    source: hosted
    version: "7.3.1"
  flex_seed_scheme:
    dependency: transitive
    description:
      name: flex_seed_scheme
      sha256: "4cee2f1d07259f77e8b36f4ec5f35499d19e74e17c7dce5b819554914082bc01"
      url: "https://pub.flutter-io.cn"
    source: hosted
    version: "1.5.0"
  flutter:
    dependency: "direct main"
    description: flutter
    source: sdk
    version: "0.0.0"
  flutter_barcode_scanner:
    dependency: transitive
    description:
      name: flutter_barcode_scanner
      sha256: a4ba37daf9933f451a5e812c753ddd045d6354e4a3280342d895b07fecaab3fa
      url: "https://pub.flutter-io.cn"
    source: hosted
    version: "2.0.0"
  flutter_chat_types:
    dependency: transitive
    description:
      name: flutter_chat_types
      sha256: e285b588f6d19d907feb1f6d912deaf22e223656769c34093b64e1c59b094fb9
      url: "https://pub.flutter-io.cn"
    source: hosted
    version: "3.6.2"
  flutter_chat_ui:
    dependency: "direct main"
    description:
      name: flutter_chat_ui
      sha256: c8580c85e2d29359ffc84147e643d08d883eb6e757208652377f0105ef58807f
      url: "https://pub.flutter-io.cn"
    source: hosted
    version: "1.6.12"
  flutter_link_previewer:
    dependency: transitive
    description:
      name: flutter_link_previewer
      sha256: "007069e60f42419fb59872beb7a3cc3ea21e9f1bdff5d40239f376fa62ca9f20"
      url: "https://pub.flutter-io.cn"
    source: hosted
    version: "3.2.2"
  flutter_linkify:
    dependency: transitive
    description:
      name: flutter_linkify
      sha256: "74669e06a8f358fee4512b4320c0b80e51cffc496607931de68d28f099254073"
      url: "https://pub.flutter-io.cn"
    source: hosted
    version: "6.0.0"
  flutter_lints:
    dependency: "direct dev"
    description:
      name: flutter_lints
      sha256: "9e8c3858111da373efc5aa341de011d9bd23e2c5c5e0c62bccf32438e192d7b1"
      url: "https://pub.flutter-io.cn"
    source: hosted
    version: "3.0.2"
  flutter_parsed_text:
    dependency: transitive
    description:
      name: flutter_parsed_text
      sha256: "529cf5793b7acdf16ee0f97b158d0d4ba0bf06e7121ef180abe1a5b59e32c1e2"
      url: "https://pub.flutter-io.cn"
    source: hosted
    version: "2.2.1"
  flutter_plugin_android_lifecycle:
    dependency: transitive
    description:
      name: flutter_plugin_android_lifecycle
      sha256: "592dc01a18961a51c24ae5d963b724b2b7fa4a95c100fe8eb6ca8a5a4732cadf"
      url: "https://pub.flutter-io.cn"
    source: hosted
    version: "2.0.18"
  flutter_screenutil:
    dependency: "direct main"
    description:
      name: flutter_screenutil
      sha256: "8cf100b8e4973dc570b6415a2090b0bfaa8756ad333db46939efc3e774ee100d"
      url: "https://pub.flutter-io.cn"
    source: hosted
    version: "5.9.0"
  flutter_svg:
    dependency: "direct main"
    description:
      name: flutter_svg
      sha256: "7b4ca6cf3304575fe9c8ec64813c8d02ee41d2afe60bcfe0678bcb5375d596a2"
      url: "https://pub.flutter-io.cn"
    source: hosted
    version: "2.0.10+1"
  flutter_test:
    dependency: "direct dev"
    description: flutter
    source: sdk
    version: "0.0.0"
  flutter_web_plugins:
    dependency: transitive
    description: flutter
    source: sdk
    version: "0.0.0"
  google_nav_bar:
    dependency: "direct main"
    description:
      name: google_nav_bar
      sha256: "1c8e3882fa66ee7b74c24320668276ca23affbd58f0b14a24c1e5590f4d07ab0"
      url: "https://pub.flutter-io.cn"
    source: hosted
    version: "5.0.6"
  html:
    dependency: transitive
    description:
      name: html
      sha256: "3a7812d5bcd2894edf53dfaf8cd640876cf6cef50a8f238745c8b8120ea74d3a"
      url: "https://pub.flutter-io.cn"
    source: hosted
    version: "0.15.4"
  http:
    dependency: transitive
    description:
      name: http
      sha256: "761a297c042deedc1ffbb156d6e2af13886bb305c2a343a4d972504cd67dd938"
      url: "https://pub.flutter-io.cn"
    source: hosted
    version: "1.2.1"
  http_parser:
    dependency: transitive
    description:
      name: http_parser
      sha256: "2aa08ce0341cc9b354a498388e30986515406668dbcc4f7c950c3e715496693b"
      url: "https://pub.flutter-io.cn"
    source: hosted
    version: "4.0.2"
  iconsax_flutter:
    dependency: transitive
    description:
      name: iconsax_flutter
      sha256: "95b65699da8ea98f87c5d232f06b0debaaf1ec1332b697e4d90969ec9a93037d"
      url: "https://pub.flutter-io.cn"
    source: hosted
    version: "1.0.0"
  intl:
    dependency: transitive
    description:
      name: intl
      sha256: d6f56758b7d3014a48af9701c085700aac781a92a87a62b1333b46d8879661cf
      url: "https://pub.flutter-io.cn"
    source: hosted
    version: "0.19.0"
  json_annotation:
    dependency: transitive
    description:
      name: json_annotation
      sha256: "1ce844379ca14835a50d2f019a3099f419082cfdd231cd86a142af94dd5c6bb1"
      url: "https://pub.flutter-io.cn"
    source: hosted
    version: "4.9.0"
  leak_tracker:
    dependency: transitive
    description:
      name: leak_tracker
      sha256: "78eb209deea09858f5269f5a5b02be4049535f568c07b275096836f01ea323fa"
      url: "https://pub.flutter-io.cn"
    source: hosted
    version: "10.0.0"
  leak_tracker_flutter_testing:
    dependency: transitive
    description:
      name: leak_tracker_flutter_testing
      sha256: b46c5e37c19120a8a01918cfaf293547f47269f7cb4b0058f21531c2465d6ef0
      url: "https://pub.flutter-io.cn"
    source: hosted
    version: "2.0.1"
  leak_tracker_testing:
    dependency: transitive
    description:
      name: leak_tracker_testing
      sha256: a597f72a664dbd293f3bfc51f9ba69816f84dcd403cdac7066cb3f6003f3ab47
      url: "https://pub.flutter-io.cn"
    source: hosted
    version: "2.0.1"
  linkify:
    dependency: transitive
    description:
      name: linkify
      sha256: "4139ea77f4651ab9c315b577da2dd108d9aa0bd84b5d03d33323f1970c645832"
      url: "https://pub.flutter-io.cn"
    source: hosted
    version: "5.0.0"
  lints:
    dependency: transitive
    description:
      name: lints
      sha256: cbf8d4b858bb0134ef3ef87841abdf8d63bfc255c266b7bf6b39daa1085c4290
      url: "https://pub.flutter-io.cn"
    source: hosted
    version: "3.0.0"
  matcher:
    dependency: transitive
    description:
      name: matcher
      sha256: d2323aa2060500f906aa31a895b4030b6da3ebdcc5619d14ce1aada65cd161cb
      url: "https://pub.flutter-io.cn"
    source: hosted
    version: "0.12.16+1"
  material_color_utilities:
    dependency: transitive
    description:
      name: material_color_utilities
      sha256: "0e0a020085b65b6083975e499759762399b4475f766c21668c4ecca34ea74e5a"
      url: "https://pub.flutter-io.cn"
    source: hosted
    version: "0.8.0"
  meta:
    dependency: transitive
    description:
      name: meta
      sha256: d584fa6707a52763a52446f02cc621b077888fb63b93bbcb1143a7be5a0c0c04
      url: "https://pub.flutter-io.cn"
    source: hosted
    version: "1.11.0"
  modal_bottom_sheet:
    dependency: "direct main"
    description:
      name: modal_bottom_sheet
      sha256: eac66ef8cb0461bf069a38c5eb0fa728cee525a531a8304bd3f7b2185407c67e
      url: "https://pub.flutter-io.cn"
    source: hosted
    version: "3.0.0"
  nested:
    dependency: transitive
    description:
      name: nested
      sha256: "03bac4c528c64c95c722ec99280375a6f2fc708eec17c7b3f07253b626cd2a20"
      url: "https://pub.flutter-io.cn"
    source: hosted
    version: "1.0.0"
  path:
    dependency: transitive
    description:
      name: path
      sha256: "087ce49c3f0dc39180befefc60fdb4acd8f8620e5682fe2476afd0b3688bb4af"
      url: "https://pub.flutter-io.cn"
    source: hosted
    version: "1.9.0"
  path_parsing:
    dependency: transitive
    description:
      name: path_parsing
      sha256: e3e67b1629e6f7e8100b367d3db6ba6af4b1f0bb80f64db18ef1fbabd2fa9ccf
      url: "https://pub.flutter-io.cn"
    source: hosted
    version: "1.0.1"
  pausable_timer:
    dependency: transitive
    description:
      name: pausable_timer
      sha256: "6ef1a95441ec3439de6fb63f39a011b67e693198e7dae14e20675c3c00e86074"
      url: "https://pub.flutter-io.cn"
    source: hosted
    version: "3.1.0+3"
  permission_handler:
    dependency: transitive
    description:
      name: permission_handler
      sha256: "18bf33f7fefbd812f37e72091a15575e72d5318854877e0e4035a24ac1113ecb"
      url: "https://pub.flutter-io.cn"
    source: hosted
    version: "11.3.1"
  permission_handler_android:
    dependency: transitive
    description:
      name: permission_handler_android
      sha256: "8bb852cd759488893805c3161d0b2b5db55db52f773dbb014420b304055ba2c5"
      url: "https://pub.flutter-io.cn"
    source: hosted
    version: "12.0.6"
  permission_handler_apple:
    dependency: transitive
    description:
      name: permission_handler_apple
      sha256: e9ad66020b89ff1b63908f247c2c6f931c6e62699b756ef8b3c4569350cd8662
      url: "https://pub.flutter-io.cn"
    source: hosted
    version: "9.4.4"
  permission_handler_html:
    dependency: transitive
    description:
      name: permission_handler_html
      sha256: "54bf176b90f6eddd4ece307e2c06cf977fb3973719c35a93b85cc7093eb6070d"
      url: "https://pub.flutter-io.cn"
    source: hosted
    version: "0.1.1"
  permission_handler_platform_interface:
    dependency: transitive
    description:
      name: permission_handler_platform_interface
      sha256: "48d4fcf201a1dad93ee869ab0d4101d084f49136ec82a8a06ed9cfeacab9fd20"
      url: "https://pub.flutter-io.cn"
    source: hosted
    version: "4.2.1"
  permission_handler_windows:
    dependency: transitive
    description:
      name: permission_handler_windows
      sha256: "1a790728016f79a41216d88672dbc5df30e686e811ad4e698bfc51f76ad91f1e"
      url: "https://pub.flutter-io.cn"
    source: hosted
    version: "0.2.1"
  petitparser:
    dependency: transitive
    description:
      name: petitparser
      sha256: c15605cd28af66339f8eb6fbe0e541bfe2d1b72d5825efc6598f3e0a31b9ad27
      url: "https://pub.flutter-io.cn"
    source: hosted
    version: "6.0.2"
  photo_view:
    dependency: transitive
    description:
      name: photo_view
      sha256: "8036802a00bae2a78fc197af8a158e3e2f7b500561ed23b4c458107685e645bb"
      url: "https://pub.flutter-io.cn"
    source: hosted
    version: "0.14.0"
  plugin_platform_interface:
    dependency: transitive
    description:
      name: plugin_platform_interface
      sha256: "4820fbfdb9478b1ebae27888254d445073732dae3d6ea81f0b7e06d5dedc3f02"
      url: "https://pub.flutter-io.cn"
    source: hosted
    version: "2.1.8"
  protobuf:
    dependency: transitive
    description:
      name: protobuf
      sha256: "68645b24e0716782e58948f8467fd42a880f255096a821f9e7d0ec625b00c84d"
      url: "https://pub.flutter-io.cn"
    source: hosted
    version: "3.1.0"
  provider:
    dependency: "direct main"
    description:
      name: provider
      sha256: c8a055ee5ce3fd98d6fc872478b03823ffdb448699c6ebdbbc71d59b596fd48c
      url: "https://pub.flutter-io.cn"
    source: hosted
    version: "6.1.2"
  pull_down_button:
    dependency: "direct main"
    description:
      name: pull_down_button
      sha256: "48b928203afdeafa4a8be5dc96980523bc8a2ddbd04569f766071a722be22379"
      url: "https://pub.flutter-io.cn"
    source: hosted
    version: "0.9.4"
  qr:
    dependency: transitive
    description:
      name: qr
      sha256: "64957a3930367bf97cc211a5af99551d630f2f4625e38af10edd6b19131b64b3"
      url: "https://pub.flutter-io.cn"
    source: hosted
    version: "3.0.1"
  qr_flutter:
    dependency: "direct main"
    description:
      name: qr_flutter
      sha256: "5095f0fc6e3f71d08adef8feccc8cea4f12eec18a2e31c2e8d82cb6019f4b097"
      url: "https://pub.flutter-io.cn"
    source: hosted
    version: "4.1.0"
  scroll_to_index:
    dependency: transitive
    description:
      name: scroll_to_index
      sha256: b707546e7500d9f070d63e5acf74fd437ec7eeeb68d3412ef7b0afada0b4f176
      url: "https://pub.flutter-io.cn"
    source: hosted
    version: "3.0.1"
  simple_barcode_scanner:
    dependency: "direct main"
    description:
      name: simple_barcode_scanner
      sha256: e14c0b302ffe76f0b61004aa47c36365b5d884fcd745494309e21042667902d3
      url: "https://pub.flutter-io.cn"
    source: hosted
    version: "0.1.1"
  sky_engine:
    dependency: transitive
    description: flutter
    source: sdk
    version: "0.0.99"
  source_span:
    dependency: transitive
    description:
      name: source_span
      sha256: "53e943d4206a5e30df338fd4c6e7a077e02254531b138a15aec3bd143c1a8b3c"
      url: "https://pub.flutter-io.cn"
    source: hosted
    version: "1.10.0"
  sprintf:
    dependency: transitive
    description:
      name: sprintf
      sha256: "1fc9ffe69d4df602376b52949af107d8f5703b77cda567c4d7d86a0693120f23"
      url: "https://pub.flutter-io.cn"
    source: hosted
    version: "7.0.0"
  stack_trace:
    dependency: transitive
    description:
      name: stack_trace
      sha256: "73713990125a6d93122541237550ee3352a2d84baad52d375a4cad2eb9b7ce0b"
      url: "https://pub.flutter-io.cn"
    source: hosted
    version: "1.11.1"
  stream_channel:
    dependency: transitive
    description:
      name: stream_channel
      sha256: ba2aa5d8cc609d96bbb2899c28934f9e1af5cddbd60a827822ea467161eb54e7
      url: "https://pub.flutter-io.cn"
    source: hosted
    version: "2.1.2"
  string_scanner:
    dependency: transitive
    description:
      name: string_scanner
      sha256: "556692adab6cfa87322a115640c11f13cb77b3f076ddcc5d6ae3c20242bedcde"
      url: "https://pub.flutter-io.cn"
    source: hosted
    version: "1.2.0"
  term_glyph:
    dependency: transitive
    description:
      name: term_glyph
      sha256: a29248a84fbb7c79282b40b8c72a1209db169a2e0542bce341da992fe1bc7e84
      url: "https://pub.flutter-io.cn"
    source: hosted
    version: "1.2.1"
  test_api:
    dependency: transitive
    description:
      name: test_api
      sha256: "5c2f730018264d276c20e4f1503fd1308dfbbae39ec8ee63c5236311ac06954b"
      url: "https://pub.flutter-io.cn"
    source: hosted
    version: "0.6.1"
  toastification:
    dependency: "direct main"
    description:
      name: toastification
      sha256: "1e01495fe00b8fddce8a7f1da5e4775cd003763698e8363d7122bea4168a395e"
      url: "https://pub.flutter-io.cn"
    source: hosted
    version: "1.2.1"
  top_snackbar_flutter:
    dependency: "direct main"
    description:
      name: top_snackbar_flutter
      sha256: "22d14664a13db6ac714934c3382bd8d4daa57fb888a672f922df71981c5a5cb2"
      url: "https://pub.flutter-io.cn"
    source: hosted
    version: "3.1.0"
  typed_data:
    dependency: transitive
    description:
      name: typed_data
      sha256: facc8d6582f16042dd49f2463ff1bd6e2c9ef9f3d5da3d9b087e244a7b564b3c
      url: "https://pub.flutter-io.cn"
    source: hosted
    version: "1.3.2"
  url_launcher:
    dependency: transitive
    description:
      name: url_launcher
      sha256: "6ce1e04375be4eed30548f10a315826fd933c1e493206eab82eed01f438c8d2e"
      url: "https://pub.flutter-io.cn"
    source: hosted
    version: "6.2.6"
  url_launcher_android:
    dependency: transitive
    description:
      name: url_launcher_android
      sha256: d4ed0711849dd8e33eb2dd69c25db0d0d3fdc37e0a62e629fe32f57a22db2745
      url: "https://pub.flutter-io.cn"
    source: hosted
    version: "6.3.0"
  url_launcher_ios:
    dependency: transitive
    description:
      name: url_launcher_ios
      sha256: "9149d493b075ed740901f3ee844a38a00b33116c7c5c10d7fb27df8987fb51d5"
      url: "https://pub.flutter-io.cn"
    source: hosted
    version: "6.2.5"
  url_launcher_linux:
    dependency: transitive
    description:
      name: url_launcher_linux
      sha256: ab360eb661f8879369acac07b6bb3ff09d9471155357da8443fd5d3cf7363811
      url: "https://pub.flutter-io.cn"
    source: hosted
    version: "3.1.1"
  url_launcher_macos:
    dependency: transitive
    description:
      name: url_launcher_macos
      sha256: b7244901ea3cf489c5335bdacda07264a6e960b1c1b1a9f91e4bc371d9e68234
      url: "https://pub.flutter-io.cn"
    source: hosted
    version: "3.1.0"
  url_launcher_platform_interface:
    dependency: transitive
    description:
      name: url_launcher_platform_interface
      sha256: "552f8a1e663569be95a8190206a38187b531910283c3e982193e4f2733f01029"
      url: "https://pub.flutter-io.cn"
    source: hosted
    version: "2.3.2"
  url_launcher_web:
    dependency: transitive
    description:
      name: url_launcher_web
      sha256: "3692a459204a33e04bc94f5fb91158faf4f2c8903281ddd82915adecdb1a901d"
      url: "https://pub.flutter-io.cn"
    source: hosted
    version: "2.3.0"
  url_launcher_windows:
    dependency: transitive
    description:
      name: url_launcher_windows
      sha256: ecf9725510600aa2bb6d7ddabe16357691b6d2805f66216a97d1b881e21beff7
      url: "https://pub.flutter-io.cn"
    source: hosted
    version: "3.1.1"
  uuid:
    dependency: transitive
    description:
      name: uuid
      sha256: "814e9e88f21a176ae1359149021870e87f7cddaf633ab678a5d2b0bff7fd1ba8"
      url: "https://pub.flutter-io.cn"
    source: hosted
    version: "4.4.0"
  vector_graphics:
    dependency: transitive
    description:
      name: vector_graphics
      sha256: "32c3c684e02f9bc0afb0ae0aa653337a2fe022e8ab064bcd7ffda27a74e288e3"
      url: "https://pub.flutter-io.cn"
    source: hosted
    version: "1.1.11+1"
  vector_graphics_codec:
    dependency: transitive
    description:
      name: vector_graphics_codec
      sha256: c86987475f162fadff579e7320c7ddda04cd2fdeffbe1129227a85d9ac9e03da
      url: "https://pub.flutter-io.cn"
    source: hosted
    version: "1.1.11+1"
  vector_graphics_compiler:
    dependency: transitive
    description:
      name: vector_graphics_compiler
      sha256: "12faff3f73b1741a36ca7e31b292ddeb629af819ca9efe9953b70bd63fc8cd81"
      url: "https://pub.flutter-io.cn"
    source: hosted
    version: "1.1.11+1"
  vector_math:
    dependency: transitive
    description:
      name: vector_math
      sha256: "80b3257d1492ce4d091729e3a67a60407d227c27241d6927be0130c98e741803"
      url: "https://pub.flutter-io.cn"
    source: hosted
    version: "2.1.4"
  visibility_detector:
    dependency: transitive
    description:
      name: visibility_detector
      sha256: dd5cc11e13494f432d15939c3aa8ae76844c42b723398643ce9addb88a5ed420
      url: "https://pub.flutter-io.cn"
    source: hosted
    version: "0.4.0+2"
  vm_service:
    dependency: transitive
    description:
      name: vm_service
      sha256: b3d56ff4341b8f182b96aceb2fa20e3dcb336b9f867bc0eafc0de10f1048e957
      url: "https://pub.flutter-io.cn"
    source: hosted
    version: "13.0.0"
  web:
    dependency: transitive
    description:
      name: web
      sha256: "97da13628db363c635202ad97068d47c5b8aa555808e7a9411963c533b449b27"
      url: "https://pub.flutter-io.cn"
    source: hosted
    version: "0.5.1"
  webview_windows:
    dependency: transitive
    description:
      name: webview_windows
      sha256: "7572089e5d6fe09e790093c499fcb6d76a552250187dbcb89790987b1fb723db"
      url: "https://pub.flutter-io.cn"
    source: hosted
    version: "0.3.0"
  xml:
    dependency: transitive
    description:
      name: xml
      sha256: b015a8ad1c488f66851d762d3090a21c600e479dc75e68328c52774040cf9226
      url: "https://pub.flutter-io.cn"
    source: hosted
    version: "6.5.0"
sdks:
  dart: ">=3.3.1 <4.0.0"
  flutter: ">=3.19.0"
